
Microsoft Visual Studio Solution File, Format Version 12.00
# Visual Studio 14
VisualStudioVersion = 14.0.25420.1
MinimumVisualStudioVersion = 10.0.40219.1
Project("{FAE04EC0-301F-11D3-BF4B-00C04F79EFBC}") = "YC.SQLServerDAL", "YC.SQLServerDAL\YC.SQLServerDAL.csproj", "{D88B92A3-3337-4142-BC19-46CF0852FD4C}"
EndProject
Project("{FAE04EC0-301F-11D3-BF4B-00C04F79EFBC}") = "YC.BLL", "YC.BLL\YC.BLL.csproj", "{4378A0E2-CEA4-4E18-97D4-467347F6F6A8}"
EndProject
Project("{E24C65DC-7377-472B-9ABA-BC803B73C61A}") = "YC.WebUI", "YC.WebUI\", "{B8B8398D-ADC3-4E4F-A0CC-5568842C3371}"
	ProjectSection(WebsiteProperties) = preProject
		TargetFrameworkMoniker = ".NETFramework,Version%3Dv4.5"
		ProjectReferences = "{4378a0e2-cea4-4e18-97d4-467347f6f6a8}|YC.BLL.dll;{D88B92A3-3337-4142-BC19-46CF0852FD4C}|YC.SQLServerDAL.dll;"
		Debug.AspNetCompiler.VirtualPath = "/localhost_1546"
		Debug.AspNetCompiler.PhysicalPath = "YC.WebUI\"
		Debug.AspNetCompiler.TargetPath = "PrecompiledWeb\localhost_1546\"
		Debug.AspNetCompiler.Updateable = "true"
		Debug.AspNetCompiler.ForceOverwrite = "true"
		Debug.AspNetCompiler.FixedNames = "false"
		Debug.AspNetCompiler.Debug = "True"
		Release.AspNetCompiler.VirtualPath = "/localhost_1546"
		Release.AspNetCompiler.PhysicalPath = "YC.WebUI\"
		Release.AspNetCompiler.TargetPath = "PrecompiledWeb\localhost_1546\"
		Release.AspNetCompiler.Updateable = "true"
		Release.AspNetCompiler.ForceOverwrite = "true"
		Release.AspNetCompiler.FixedNames = "false"
		Release.AspNetCompiler.Debug = "False"
		VWDPort = "1546"
		SlnRelativePath = "YC.WebUI\"
		DefaultWebSiteLanguage = "Visual C#"
	EndProjectSection
EndProject
Project("{2150E333-8FDC-42A3-9474-1A3956D46DE8}") = "备忘", "备忘", "{84E01047-A022-4777-99C3-0A87DE62CCC8}"
	ProjectSection(SolutionItems) = preProject
		数据库老表.txt = 数据库老表.txt
	EndProjectSection
EndProject
Project("{E24C65DC-7377-472B-9ABA-BC803B73C61A}") = "BlueNileAdmin(1)", "BlueNileAdmin\", "{831BF107-26F1-47FA-BBA6-3BE25495CD15}"
	ProjectSection(WebsiteProperties) = preProject
		TargetFrameworkMoniker = ".NETFramework,Version%3Dv4.0"
		Debug.AspNetCompiler.VirtualPath = "/localhost_20861"
		Debug.AspNetCompiler.PhysicalPath = "BlueNileAdmin\"
		Debug.AspNetCompiler.TargetPath = "PrecompiledWeb\localhost_20861\"
		Debug.AspNetCompiler.Updateable = "true"
		Debug.AspNetCompiler.ForceOverwrite = "true"
		Debug.AspNetCompiler.FixedNames = "false"
		Debug.AspNetCompiler.Debug = "True"
		Release.AspNetCompiler.VirtualPath = "/localhost_20861"
		Release.AspNetCompiler.PhysicalPath = "BlueNileAdmin\"
		Release.AspNetCompiler.TargetPath = "PrecompiledWeb\localhost_20861\"
		Release.AspNetCompiler.Updateable = "true"
		Release.AspNetCompiler.ForceOverwrite = "true"
		Release.AspNetCompiler.FixedNames = "false"
		Release.AspNetCompiler.Debug = "False"
		VWDPort = "20861"
		SlnRelativePath = "BlueNileAdmin\"
		DefaultWebSiteLanguage = "Visual C#"
	EndProjectSection
EndProject
Project("{E24C65DC-7377-472B-9ABA-BC803B73C61A}") = "Proton", "Proton\", "{9E98583F-0A83-46DE-A776-BE6DA1EE9C60}"
	ProjectSection(WebsiteProperties) = preProject
		TargetFrameworkMoniker = ".NETFramework,Version%3Dv4.0"
		Debug.AspNetCompiler.VirtualPath = "/localhost_37890"
		Debug.AspNetCompiler.PhysicalPath = "Proton\"
		Debug.AspNetCompiler.TargetPath = "PrecompiledWeb\localhost_37890\"
		Debug.AspNetCompiler.Updateable = "true"
		Debug.AspNetCompiler.ForceOverwrite = "true"
		Debug.AspNetCompiler.FixedNames = "false"
		Debug.AspNetCompiler.Debug = "True"
		Release.AspNetCompiler.VirtualPath = "/localhost_37890"
		Release.AspNetCompiler.PhysicalPath = "Proton\"
		Release.AspNetCompiler.TargetPath = "PrecompiledWeb\localhost_37890\"
		Release.AspNetCompiler.Updateable = "true"
		Release.AspNetCompiler.ForceOverwrite = "true"
		Release.AspNetCompiler.FixedNames = "false"
		Release.AspNetCompiler.Debug = "False"
		VWDPort = "37890"
		SlnRelativePath = "Proton\"
		DefaultWebSiteLanguage = "Visual C#"
	EndProjectSection
EndProject
Project("{FAE04EC0-301F-11D3-BF4B-00C04F79EFBC}") = "项目文档", "项目文档\项目文档.csproj", "{812CD067-9F64-4C58-9198-B7271E784BAE}"
EndProject
Global
	GlobalSection(SolutionConfigurationPlatforms) = preSolution
		Debug|Any CPU = Debug|Any CPU
		Release|Any CPU = Release|Any CPU
	EndGlobalSection
	GlobalSection(ProjectConfigurationPlatforms) = postSolution
		{D88B92A3-3337-4142-BC19-46CF0852FD4C}.Debug|Any CPU.ActiveCfg = Debug|Any CPU
		{D88B92A3-3337-4142-BC19-46CF0852FD4C}.Debug|Any CPU.Build.0 = Debug|Any CPU
		{D88B92A3-3337-4142-BC19-46CF0852FD4C}.Release|Any CPU.ActiveCfg = Release|Any CPU
		{D88B92A3-3337-4142-BC19-46CF0852FD4C}.Release|Any CPU.Build.0 = Release|Any CPU
		{4378A0E2-CEA4-4E18-97D4-467347F6F6A8}.Debug|Any CPU.ActiveCfg = Debug|Any CPU
		{4378A0E2-CEA4-4E18-97D4-467347F6F6A8}.Debug|Any CPU.Build.0 = Debug|Any CPU
		{4378A0E2-CEA4-4E18-97D4-467347F6F6A8}.Release|Any CPU.ActiveCfg = Release|Any CPU
		{4378A0E2-CEA4-4E18-97D4-467347F6F6A8}.Release|Any CPU.Build.0 = Release|Any CPU
		{B8B8398D-ADC3-4E4F-A0CC-5568842C3371}.Debug|Any CPU.ActiveCfg = Debug|Any CPU
		{B8B8398D-ADC3-4E4F-A0CC-5568842C3371}.Debug|Any CPU.Build.0 = Debug|Any CPU
		{B8B8398D-ADC3-4E4F-A0CC-5568842C3371}.Release|Any CPU.ActiveCfg = Debug|Any CPU
		{B8B8398D-ADC3-4E4F-A0CC-5568842C3371}.Release|Any CPU.Build.0 = Debug|Any CPU
		{831BF107-26F1-47FA-BBA6-3BE25495CD15}.Debug|Any CPU.ActiveCfg = Debug|Any CPU
		{831BF107-26F1-47FA-BBA6-3BE25495CD15}.Debug|Any CPU.Build.0 = Debug|Any CPU
		{831BF107-26F1-47FA-BBA6-3BE25495CD15}.Release|Any CPU.ActiveCfg = Debug|Any CPU
		{831BF107-26F1-47FA-BBA6-3BE25495CD15}.Release|Any CPU.Build.0 = Debug|Any CPU
		{9E98583F-0A83-46DE-A776-BE6DA1EE9C60}.Debug|Any CPU.ActiveCfg = Debug|Any CPU
		{9E98583F-0A83-46DE-A776-BE6DA1EE9C60}.Debug|Any CPU.Build.0 = Debug|Any CPU
		{9E98583F-0A83-46DE-A776-BE6DA1EE9C60}.Release|Any CPU.ActiveCfg = Debug|Any CPU
		{9E98583F-0A83-46DE-A776-BE6DA1EE9C60}.Release|Any CPU.Build.0 = Debug|Any CPU
		{812CD067-9F64-4C58-9198-B7271E784BAE}.Debug|Any CPU.ActiveCfg = Debug|Any CPU
		{812CD067-9F64-4C58-9198-B7271E784BAE}.Debug|Any CPU.Build.0 = Debug|Any CPU
		{812CD067-9F64-4C58-9198-B7271E784BAE}.Release|Any CPU.ActiveCfg = Release|Any CPU
		{812CD067-9F64-4C58-9198-B7271E784BAE}.Release|Any CPU.Build.0 = Release|Any CPU
	EndGlobalSection
	GlobalSection(SolutionProperties) = preSolution
		HideSolutionNode = FALSE
	EndGlobalSection
EndGlobal
